
Microsoft Visual Studio Solution File, Format Version 12.00
# Visual Studio Version 16
VisualStudioVersion = 16.0.30804.86
MinimumVisualStudioVersion = 10.0.40219.1
Project("{FAE04EC0-301F-11D3-BF4B-00C04F79EFBC}") = "WebAuctionAPI", "WebAuctionAPI.csproj", "{CDF6B969-79C0-4AD6-8D62-E989BCD01A99}"
EndProject
Global
	GlobalSection(SolutionConfigurationPlatforms) = preSolution
		Debug|Any CPU = Debug|Any CPU
		Release|Any CPU = Release|Any CPU
	EndGlobalSection
	GlobalSection(ProjectConfigurationPlatforms) = postSolution
		{CDF6B969-79C0-4AD6-8D62-E989BCD01A99}.Debug|Any CPU.ActiveCfg = Debug|Any CPU
		{CDF6B969-79C0-4AD6-8D62-E989BCD01A99}.Debug|Any CPU.Build.0 = Debug|Any CPU
		{CDF6B969-79C0-4AD6-8D62-E989BCD01A99}.Release|Any CPU.ActiveCfg = Release|Any CPU
		{CDF6B969-79C0-4AD6-8D62-E989BCD01A99}.Release|Any CPU.Build.0 = Release|Any CPU
	EndGlobalSection
	GlobalSection(SolutionProperties) = preSolution
		HideSolutionNode = FALSE
	EndGlobalSection
	GlobalSection(ExtensibilityGlobals) = postSolution
		SolutionGuid = {51FFD895-A296-46E1-A8C1-57C02C804424}
	EndGlobalSection
EndGlobal
